
Microsoft Visual Studio Solution File, Format Version 12.00
# Visual Studio Version 16
VisualStudioVersion = 16.0.31911.196
MinimumVisualStudioVersion = 10.0.40219.1
Project("{FAE04EC0-301F-11D3-BF4B-00C04F79EFBC}") = "Hospital", "Hospital\Hospital.csproj", "{F57CBAA7-3772-4BA3-B27E-7DB2F2F223B6}"
EndProject
Global
	GlobalSection(SolutionConfigurationPlatforms) = preSolution
		Debug|Any CPU = Debug|Any CPU
		Release|Any CPU = Release|Any CPU
	EndGlobalSection
	GlobalSection(ProjectConfigurationPlatforms) = postSolution
		{F57CBAA7-3772-4BA3-B27E-7DB2F2F223B6}.Debug|Any CPU.ActiveCfg = Debug|Any CPU
		{F57CBAA7-3772-4BA3-B27E-7DB2F2F223B6}.Debug|Any CPU.Build.0 = Debug|Any CPU
		{F57CBAA7-3772-4BA3-B27E-7DB2F2F223B6}.Release|Any CPU.ActiveCfg = Release|Any CPU
		{F57CBAA7-3772-4BA3-B27E-7DB2F2F223B6}.Release|Any CPU.Build.0 = Release|Any CPU
	EndGlobalSection
	GlobalSection(SolutionProperties) = preSolution
		HideSolutionNode = FALSE
	EndGlobalSection
	GlobalSection(ExtensibilityGlobals) = postSolution
		SolutionGuid = {E4101935-1999-4AC2-8D2B-3CC294DD7275}
	EndGlobalSection
EndGlobal
